// !$*UTF8*$!
{
	archiveVersion = 1;
	classes = {
	};
	objectVersion = 50;
	objects = {

/* Begin PBXBuildFile section */
		C60DE63121AC27240084133C /* AppDelegate.swift in Sources */ = {isa = PBXBuildFile; fileRef = C60DE63021AC27240084133C /* AppDelegate.swift */; };
		C60DE63321AC27240084133C /* ViewController.swift in Sources */ = {isa = PBXBuildFile; fileRef = C60DE63221AC27240084133C /* ViewController.swift */; };
		C60DE63621AC27240084133C /* Main.storyboard in Resources */ = {isa = PBXBuildFile; fileRef = C60DE63421AC27240084133C /* Main.storyboard */; };
		C60DE63821AC27250084133C /* Assets.xcassets in Resources */ = {isa = PBXBuildFile; fileRef = C60DE63721AC27250084133C /* Assets.xcassets */; };
		C60DE63B21AC27250084133C /* LaunchScreen.storyboard in Resources */ = {isa = PBXBuildFile; fileRef = C60DE63921AC27250084133C /* LaunchScreen.storyboard */; };
		C60DE64621AC27250084133C /* MobileAppTests.swift in Sources */ = {isa = PBXBuildFile; fileRef = C60DE64521AC27250084133C /* MobileAppTests.swift */; };
		C60DE65121AC27250084133C /* MobileAppUITests.swift in Sources */ = {isa = PBXBuildFile; fileRef = C60DE65021AC27250084133C /* MobileAppUITests.swift */; };
		C622775821E3AB940060D30F /* sky10.png in Resources */ = {isa = PBXBuildFile; fileRef = C622773F21E3AB920060D30F /* sky10.png */; };
		C622775921E3AB940060D30F /* sky2.png in Resources */ = {isa = PBXBuildFile; fileRef = C622774021E3AB920060D30F /* sky2.png */; };
		C622775A21E3AB940060D30F /* sky11.png in Resources */ = {isa = PBXBuildFile; fileRef = C622774121E3AB930060D30F /* sky11.png */; };
		C622775B21E3AB940060D30F /* sky12.png in Resources */ = {isa = PBXBuildFile; fileRef = C622774221E3AB930060D30F /* sky12.png */; };
		C622775C21E3AB940060D30F /* sky19.png in Resources */ = {isa = PBXBuildFile; fileRef = C622774321E3AB930060D30F /* sky19.png */; };
		C622775D21E3AB940060D30F /* sky7.png in Resources */ = {isa = PBXBuildFile; fileRef = C622774421E3AB930060D30F /* sky7.png */; };
		C622775E21E3AB940060D30F /* sky1.png in Resources */ = {isa = PBXBuildFile; fileRef = C622774521E3AB930060D30F /* sky1.png */; };
		C622775F21E3AB940060D30F /* sky5.png in Resources */ = {isa = PBXBuildFile; fileRef = C622774621E3AB930060D30F /* sky5.png */; };
		C622776021E3AB940060D30F /* sky8.png in Resources */ = {isa = PBXBuildFile; fileRef = C622774721E3AB930060D30F /* sky8.png */; };
		C622776121E3AB940060D30F /* sky14.png in Resources */ = {isa = PBXBuildFile; fileRef = C622774821E3AB930060D30F /* sky14.png */; };
		C622776221E3AB940060D30F /* sky24.png in Resources */ = {isa = PBXBuildFile; fileRef = C622774921E3AB930060D30F /* sky24.png */; };
		C622776321E3AB940060D30F /* sky21.png in Resources */ = {isa = PBXBuildFile; fileRef = C622774A21E3AB930060D30F /* sky21.png */; };
		C622776421E3AB940060D30F /* sky16.png in Resources */ = {isa = PBXBuildFile; fileRef = C622774B21E3AB930060D30F /* sky16.png */; };
		C622776521E3AB940060D30F /* sky17.png in Resources */ = {isa = PBXBuildFile; fileRef = C622774C21E3AB930060D30F /* sky17.png */; };
		C622776621E3AB940060D30F /* sky22.png in Resources */ = {isa = PBXBuildFile; fileRef = C622774D21E3AB930060D30F /* sky22.png */; };
		C622776721E3AB940060D30F /* sky25.png in Resources */ = {isa = PBXBuildFile; fileRef = C622774E21E3AB940060D30F /* sky25.png */; };
		C622776821E3AB940060D30F /* sky18.png in Resources */ = {isa = PBXBuildFile; fileRef = C622774F21E3AB940060D30F /* sky18.png */; };
		C622776921E3AB940060D30F /* sky13.png in Resources */ = {isa = PBXBuildFile; fileRef = C622775021E3AB940060D30F /* sky13.png */; };
		C622776A21E3AB940060D30F /* sky23.png in Resources */ = {isa = PBXBuildFile; fileRef = C622775121E3AB940060D30F /* sky23.png */; };
		C622776B21E3AB940060D30F /* sky9.png in Resources */ = {isa = PBXBuildFile; fileRef = C622775221E3AB940060D30F /* sky9.png */; };
		C622776C21E3AB940060D30F /* sky6.png in Resources */ = {isa = PBXBuildFile; fileRef = C622775321E3AB940060D30F /* sky6.png */; };
		C622776D21E3AB940060D30F /* sky20.png in Resources */ = {isa = PBXBuildFile; fileRef = C622775421E3AB940060D30F /* sky20.png */; };
		C622776E21E3AB940060D30F /* sky3.png in Resources */ = {isa = PBXBuildFile; fileRef = C622775521E3AB940060D30F /* sky3.png */; };
		C622776F21E3AB940060D30F /* sky15.png in Resources */ = {isa = PBXBuildFile; fileRef = C622775621E3AB940060D30F /* sky15.png */; };
		C622777021E3AB940060D30F /* sky4.png in Resources */ = {isa = PBXBuildFile; fileRef = C622775721E3AB940060D30F /* sky4.png */; };
		C622777821E3C4420060D30F /* MusicHelper.swift in Sources */ = {isa = PBXBuildFile; fileRef = C622777721E3C4420060D30F /* MusicHelper.swift */; };
		C622777A21E3C54F0060D30F /* gamemusic.mp3 in Resources */ = {isa = PBXBuildFile; fileRef = C622777921E3C54F0060D30F /* gamemusic.mp3 */; };
		C62277D021E3F3FD0060D30F /* jet12.png in Resources */ = {isa = PBXBuildFile; fileRef = C62277BF21E3F3FB0060D30F /* jet12.png */; };
		C62277D121E3F3FD0060D30F /* jet16.png in Resources */ = {isa = PBXBuildFile; fileRef = C62277C021E3F3FB0060D30F /* jet16.png */; };
		C62277D221E3F3FD0060D30F /* jet17.png in Resources */ = {isa = PBXBuildFile; fileRef = C62277C121E3F3FC0060D30F /* jet17.png */; };
		C62277D321E3F3FD0060D30F /* jet2.png in Resources */ = {isa = PBXBuildFile; fileRef = C62277C221E3F3FC0060D30F /* jet2.png */; };
		C62277D421E3F3FD0060D30F /* jet9.png in Resources */ = {isa = PBXBuildFile; fileRef = C62277C321E3F3FC0060D30F /* jet9.png */; };
		C62277D521E3F3FD0060D30F /* jet4.png in Resources */ = {isa = PBXBuildFile; fileRef = C62277C421E3F3FC0060D30F /* jet4.png */; };
		C62277D621E3F3FD0060D30F /* jet10.png in Resources */ = {isa = PBXBuildFile; fileRef = C62277C521E3F3FC0060D30F /* jet10.png */; };
		C62277D721E3F3FD0060D30F /* jet8.png in Resources */ = {isa = PBXBuildFile; fileRef = C62277C621E3F3FC0060D30F /* jet8.png */; };
		C62277D821E3F3FD0060D30F /* jet13.png in Resources */ = {isa = PBXBuildFile; fileRef = C62277C721E3F3FC0060D30F /* jet13.png */; };
		C62277D921E3F3FD0060D30F /* jet15.png in Resources */ = {isa = PBXBuildFile; fileRef = C62277C821E3F3FC0060D30F /* jet15.png */; };
		C62277DA21E3F3FD0060D30F /* jet11.png in Resources */ = {isa = PBXBuildFile; fileRef = C62277C921E3F3FC0060D30F /* jet11.png */; };
		C62277DB21E3F3FD0060D30F /* jet5.png in Resources */ = {isa = PBXBuildFile; fileRef = C62277CA21E3F3FD0060D30F /* jet5.png */; };
		C62277DC21E3F3FD0060D30F /* jet3.png in Resources */ = {isa = PBXBuildFile; fileRef = C62277CB21E3F3FD0060D30F /* jet3.png */; };
		C62277DD21E3F3FD0060D30F /* jet1.png in Resources */ = {isa = PBXBuildFile; fileRef = C62277CC21E3F3FD0060D30F /* jet1.png */; };
		C62277DE21E3F3FD0060D30F /* jet14.png in Resources */ = {isa = PBXBuildFile; fileRef = C62277CD21E3F3FD0060D30F /* jet14.png */; };
		C62277DF21E3F3FD0060D30F /* jet7.png in Resources */ = {isa = PBXBuildFile; fileRef = C62277CE21E3F3FD0060D30F /* jet7.png */; };
		C62277E021E3F3FD0060D30F /* jet6.png in Resources */ = {isa = PBXBuildFile; fileRef = C62277CF21E3F3FD0060D30F /* jet6.png */; };
		C622782221E4043B0060D30F /* alien1.png in Resources */ = {isa = PBXBuildFile; fileRef = C622781D21E4043A0060D30F /* alien1.png */; };
		C622782321E4043B0060D30F /* alien3.png in Resources */ = {isa = PBXBuildFile; fileRef = C622781E21E4043A0060D30F /* alien3.png */; };
		C622782421E4043B0060D30F /* alien2.png in Resources */ = {isa = PBXBuildFile; fileRef = C622781F21E4043A0060D30F /* alien2.png */; };
		C622782521E4043B0060D30F /* alien4.png in Resources */ = {isa = PBXBuildFile; fileRef = C622782021E4043A0060D30F /* alien4.png */; };
		C622782621E4043B0060D30F /* alien5.png in Resources */ = {isa = PBXBuildFile; fileRef = C622782121E4043B0060D30F /* alien5.png */; };
		C6A8661321AC43CC009B3CD0 /* planedrag.swift in Sources */ = {isa = PBXBuildFile; fileRef = C6A8661221AC43CC009B3CD0 /* planedrag.swift */; };
		C6B6257721ADC747003DC6CA /* cloud.png in Resources */ = {isa = PBXBuildFile; fileRef = C6B6253321ADC744003DC6CA /* cloud.png */; };
		C6B6258621ADC747003DC6CA /* cloud2.png in Resources */ = {isa = PBXBuildFile; fileRef = C6B6254221ADC744003DC6CA /* cloud2.png */; };
		C6B6259221ADC747003DC6CA /* coin.png in Resources */ = {isa = PBXBuildFile; fileRef = C6B6254E21ADC745003DC6CA /* coin.png */; };
		C6B625A821ADC747003DC6CA /* replay.png in Resources */ = {isa = PBXBuildFile; fileRef = C6B6256421ADC746003DC6CA /* replay.png */; };
/* End PBXBuildFile section */

/* Begin PBXContainerItemProxy section */
		C60DE64221AC27250084133C /* PBXContainerItemProxy */ = {
			isa = PBXContainerItemProxy;
			containerPortal = C60DE62521AC27240084133C /* Project object */;
			proxyType = 1;
			remoteGlobalIDString = C60DE62C21AC27240084133C;
			remoteInfo = MobileApp;
		};
		C60DE64D21AC27250084133C /* PBXContainerItemProxy */ = {
			isa = PBXContainerItemProxy;
			containerPortal = C60DE62521AC27240084133C /* Project object */;
			proxyType = 1;
			remoteGlobalIDString = C60DE62C21AC27240084133C;
			remoteInfo = MobileApp;
		};
/* End PBXContainerItemProxy section */

/* Begin PBXFileReference section */
		C60DE62D21AC27240084133C /* MobileApp.app */ = {isa = PBXFileReference; explicitFileType = wrapper.application; includeInIndex = 0; path = MobileApp.app; sourceTree = BUILT_PRODUCTS_DIR; };
		C60DE63021AC27240084133C /* AppDelegate.swift */ = {isa = PBXFileReference; lastKnownFileType = sourcecode.swift; path = AppDelegate.swift; sourceTree = "<group>"; };
		C60DE63221AC27240084133C /* ViewController.swift */ = {isa = PBXFileReference; lastKnownFileType = sourcecode.swift; path = ViewController.swift; sourceTree = "<group>"; };
		C60DE63521AC27240084133C /* Base */ = {isa = PBXFileReference; lastKnownFileType = file.storyboard; name = Base; path = Base.lproj/Main.storyboard; sourceTree = "<group>"; };
		C60DE63721AC27250084133C /* Assets.xcassets */ = {isa = PBXFileReference; lastKnownFileType = folder.assetcatalog; path = Assets.xcassets; sourceTree = "<group>"; };
		C60DE63A21AC27250084133C /* Base */ = {isa = PBXFileReference; lastKnownFileType = file.storyboard; name = Base; path = Base.lproj/LaunchScreen.storyboard; sourceTree = "<group>"; };
		C60DE63C21AC27250084133C /* Info.plist */ = {isa = PBXFileReference; lastKnownFileType = text.plist.xml; path = Info.plist; sourceTree = "<group>"; };
		C60DE64121AC27250084133C /* MobileAppTests.xctest */ = {isa = PBXFileReference; explicitFileType = wrapper.cfbundle; includeInIndex = 0; path = MobileAppTests.xctest; sourceTree = BUILT_PRODUCTS_DIR; };
		C60DE64521AC27250084133C /* MobileAppTests.swift */ = {isa = PBXFileReference; lastKnownFileType = sourcecode.swift; path = MobileAppTests.swift; sourceTree = "<group>"; };
		C60DE64721AC27250084133C /* Info.plist */ = {isa = PBXFileReference; lastKnownFileType = text.plist.xml; path = Info.plist; sourceTree = "<group>"; };
		C60DE64C21AC27250084133C /* MobileAppUITests.xctest */ = {isa = PBXFileReference; explicitFileType = wrapper.cfbundle; includeInIndex = 0; path = MobileAppUITests.xctest; sourceTree = BUILT_PRODUCTS_DIR; };
		C60DE65021AC27250084133C /* MobileAppUITests.swift */ = {isa = PBXFileReference; lastKnownFileType = sourcecode.swift; path = MobileAppUITests.swift; sourceTree = "<group>"; };
		C60DE65221AC27250084133C /* Info.plist */ = {isa = PBXFileReference; lastKnownFileType = text.plist.xml; path = Info.plist; sourceTree = "<group>"; };
		C622773F21E3AB920060D30F /* sky10.png */ = {isa = PBXFileReference; lastKnownFileType = image.png; path = sky10.png; sourceTree = "<group>"; };
		C622774021E3AB920060D30F /* sky2.png */ = {isa = PBXFileReference; lastKnownFileType = image.png; path = sky2.png; sourceTree = "<group>"; };
		C622774121E3AB930060D30F /* sky11.png */ = {isa = PBXFileReference; lastKnownFileType = image.png; path = sky11.png; sourceTree = "<group>"; };
		C622774221E3AB930060D30F /* sky12.png */ = {isa = PBXFileReference; lastKnownFileType = image.png; path = sky12.png; sourceTree = "<group>"; };
		C622774321E3AB930060D30F /* sky19.png */ = {isa = PBXFileReference; lastKnownFileType = image.png; path = sky19.png; sourceTree = "<group>"; };
		C622774421E3AB930060D30F /* sky7.png */ = {isa = PBXFileReference; lastKnownFileType = image.png; path = sky7.png; sourceTree = "<group>"; };
		C622774521E3AB930060D30F /* sky1.png */ = {isa = PBXFileReference; lastKnownFileType = image.png; path = sky1.png; sourceTree = "<group>"; };
		C622774621E3AB930060D30F /* sky5.png */ = {isa = PBXFileReference; lastKnownFileType = image.png; path = sky5.png; sourceTree = "<group>"; };
		C622774721E3AB930060D30F /* sky8.png */ = {isa = PBXFileReference; lastKnownFileType = image.png; path = sky8.png; sourceTree = "<group>"; };
		C622774821E3AB930060D30F /* sky14.png */ = {isa = PBXFileReference; lastKnownFileType = image.png; path = sky14.png; sourceTree = "<group>"; };
		C622774921E3AB930060D30F /* sky24.png */ = {isa = PBXFileReference; lastKnownFileType = image.png; path = sky24.png; sourceTree = "<group>"; };
		C622774A21E3AB930060D30F /* sky21.png */ = {isa = PBXFileReference; lastKnownFileType = image.png; path = sky21.png; sourceTree = "<group>"; };
		C622774B21E3AB930060D30F /* sky16.png */ = {isa = PBXFileReference; lastKnownFileType = image.png; path = sky16.png; sourceTree = "<group>"; };
		C622774C21E3AB930060D30F /* sky17.png */ = {isa = PBXFileReference; lastKnownFileType = image.png; path = sky17.png; sourceTree = "<group>"; };
		C622774D21E3AB930060D30F /* sky22.png */ = {isa = PBXFileReference; lastKnownFileType = image.png; path = sky22.png; sourceTree = "<group>"; };
		C622774E21E3AB940060D30F /* sky25.png */ = {isa = PBXFileReference; lastKnownFileType = image.png; path = sky25.png; sourceTree = "<group>"; };
		C622774F21E3AB940060D30F /* sky18.png */ = {isa = PBXFileReference; lastKnownFileType = image.png; path = sky18.png; sourceTree = "<group>"; };
		C622775021E3AB940060D30F /* sky13.png */ = {isa = PBXFileReference; lastKnownFileType = image.png; path = sky13.png; sourceTree = "<group>"; };
		C622775121E3AB940060D30F /* sky23.png */ = {isa = PBXFileReference; lastKnownFileType = image.png; path = sky23.png; sourceTree = "<group>"; };
		C622775221E3AB940060D30F /* sky9.png */ = {isa = PBXFileReference; lastKnownFileType = image.png; path = sky9.png; sourceTree = "<group>"; };
		C622775321E3AB940060D30F /* sky6.png */ = {isa = PBXFileReference; lastKnownFileType = image.png; path = sky6.png; sourceTree = "<group>"; };
		C622775421E3AB940060D30F /* sky20.png */ = {isa = PBXFileReference; lastKnownFileType = image.png; path = sky20.png; sourceTree = "<group>"; };
		C622775521E3AB940060D30F /* sky3.png */ = {isa = PBXFileReference; lastKnownFileType = image.png; path = sky3.png; sourceTree = "<group>"; };
		C622775621E3AB940060D30F /* sky15.png */ = {isa = PBXFileReference; lastKnownFileType = image.png; path = sky15.png; sourceTree = "<group>"; };
		C622775721E3AB940060D30F /* sky4.png */ = {isa = PBXFileReference; lastKnownFileType = image.png; path = sky4.png; sourceTree = "<group>"; };
		C622777721E3C4420060D30F /* MusicHelper.swift */ = {isa = PBXFileReference; lastKnownFileType = sourcecode.swift; path = MusicHelper.swift; sourceTree = "<group>"; };
		C622777921E3C54F0060D30F /* gamemusic.mp3 */ = {isa = PBXFileReference; lastKnownFileType = audio.mp3; path = gamemusic.mp3; sourceTree = "<group>"; };
		C62277BF21E3F3FB0060D30F /* jet12.png */ = {isa = PBXFileReference; lastKnownFileType = image.png; path = jet12.png; sourceTree = "<group>"; };
		C62277C021E3F3FB0060D30F /* jet16.png */ = {isa = PBXFileReference; lastKnownFileType = image.png; path = jet16.png; sourceTree = "<group>"; };
		C62277C121E3F3FC0060D30F /* jet17.png */ = {isa = PBXFileReference; lastKnownFileType = image.png; path = jet17.png; sourceTree = "<group>"; };
		C62277C221E3F3FC0060D30F /* jet2.png */ = {isa = PBXFileReference; lastKnownFileType = image.png; path = jet2.png; sourceTree = "<group>"; };
		C62277C321E3F3FC0060D30F /* jet9.png */ = {isa = PBXFileReference; lastKnownFileType = image.png; path = jet9.png; sourceTree = "<group>"; };
		C62277C421E3F3FC0060D30F /* jet4.png */ = {isa = PBXFileReference; lastKnownFileType = image.png; path = jet4.png; sourceTree = "<group>"; };
		C62277C521E3F3FC0060D30F /* jet10.png */ = {isa = PBXFileReference; lastKnownFileType = image.png; path = jet10.png; sourceTree = "<group>"; };
		C62277C621E3F3FC0060D30F /* jet8.png */ = {isa = PBXFileReference; lastKnownFileType = image.png; path = jet8.png; sourceTree = "<group>"; };
		C62277C721E3F3FC0060D30F /* jet13.png */ = {isa = PBXFileReference; lastKnownFileType = image.png; path = jet13.png; sourceTree = "<group>"; };
		C62277C821E3F3FC0060D30F /* jet15.png */ = {isa = PBXFileReference; lastKnownFileType = image.png; path = jet15.png; sourceTree = "<group>"; };
		C62277C921E3F3FC0060D30F /* jet11.png */ = {isa = PBXFileReference; lastKnownFileType = image.png; path = jet11.png; sourceTree = "<group>"; };
		C62277CA21E3F3FD0060D30F /* jet5.png */ = {isa = PBXFileReference; lastKnownFileType = image.png; path = jet5.png; sourceTree = "<group>"; };
		C62277CB21E3F3FD0060D30F /* jet3.png */ = {isa = PBXFileReference; lastKnownFileType = image.png; path = jet3.png; sourceTree = "<group>"; };
		C62277CC21E3F3FD0060D30F /* jet1.png */ = {isa = PBXFileReference; lastKnownFileType = image.png; path = jet1.png; sourceTree = "<group>"; };
		C62277CD21E3F3FD0060D30F /* jet14.png */ = {isa = PBXFileReference; lastKnownFileType = image.png; path = jet14.png; sourceTree = "<group>"; };
		C62277CE21E3F3FD0060D30F /* jet7.png */ = {isa = PBXFileReference; lastKnownFileType = image.png; path = jet7.png; sourceTree = "<group>"; };
		C62277CF21E3F3FD0060D30F /* jet6.png */ = {isa = PBXFileReference; lastKnownFileType = image.png; path = jet6.png; sourceTree = "<group>"; };
		C622781D21E4043A0060D30F /* alien1.png */ = {isa = PBXFileReference; lastKnownFileType = image.png; path = alien1.png; sourceTree = "<group>"; };
		C622781E21E4043A0060D30F /* alien3.png */ = {isa = PBXFileReference; lastKnownFileType = image.png; path = alien3.png; sourceTree = "<group>"; };
		C622781F21E4043A0060D30F /* alien2.png */ = {isa = PBXFileReference; lastKnownFileType = image.png; path = alien2.png; sourceTree = "<group>"; };
		C622782021E4043A0060D30F /* alien4.png */ = {isa = PBXFileReference; lastKnownFileType = image.png; path = alien4.png; sourceTree = "<group>"; };
		C622782121E4043B0060D30F /* alien5.png */ = {isa = PBXFileReference; lastKnownFileType = image.png; path = alien5.png; sourceTree = "<group>"; };
		C6A8661221AC43CC009B3CD0 /* planedrag.swift */ = {isa = PBXFileReference; lastKnownFileType = sourcecode.swift; path = planedrag.swift; sourceTree = "<group>"; };
		C6B6253321ADC744003DC6CA /* cloud.png */ = {isa = PBXFileReference; lastKnownFileType = image.png; path = cloud.png; sourceTree = "<group>"; };
		C6B6254221ADC744003DC6CA /* cloud2.png */ = {isa = PBXFileReference; lastKnownFileType = image.png; path = cloud2.png; sourceTree = "<group>"; };
		C6B6254E21ADC745003DC6CA /* coin.png */ = {isa = PBXFileReference; lastKnownFileType = image.png; path = coin.png; sourceTree = "<group>"; };
		C6B6256421ADC746003DC6CA /* replay.png */ = {isa = PBXFileReference; lastKnownFileType = image.png; path = replay.png; sourceTree = "<group>"; };
/* End PBXFileReference section */

/* Begin PBXFrameworksBuildPhase section */
		C60DE62A21AC27240084133C /* Frameworks */ = {
			isa = PBXFrameworksBuildPhase;
			buildActionMask = 2147483647;
			files = (
			);
			runOnlyForDeploymentPostprocessing = 0;
		};
		C60DE63E21AC27250084133C /* Frameworks */ = {
			isa = PBXFrameworksBuildPhase;
			buildActionMask = 2147483647;
			files = (
			);
			runOnlyForDeploymentPostprocessing = 0;
		};
		C60DE64921AC27250084133C /* Frameworks */ = {
			isa = PBXFrameworksBuildPhase;
			buildActionMask = 2147483647;
			files = (
			);
			runOnlyForDeploymentPostprocessing = 0;
		};
/* End PBXFrameworksBuildPhase section */

/* Begin PBXGroup section */
		C60DE62421AC27240084133C = {
			isa = PBXGroup;
			children = (
				C60DE62F21AC27240084133C /* MobileApp */,
				C60DE64421AC27250084133C /* MobileAppTests */,
				C60DE64F21AC27250084133C /* MobileAppUITests */,
				C60DE62E21AC27240084133C /* Products */,
			);
			sourceTree = "<group>";
		};
		C60DE62E21AC27240084133C /* Products */ = {
			isa = PBXGroup;
			children = (
				C60DE62D21AC27240084133C /* MobileApp.app */,
				C60DE64121AC27250084133C /* MobileAppTests.xctest */,
				C60DE64C21AC27250084133C /* MobileAppUITests.xctest */,
			);
			name = Products;
			sourceTree = "<group>";
		};
		C60DE62F21AC27240084133C /* MobileApp */ = {
			isa = PBXGroup;
			children = (
				C622781D21E4043A0060D30F /* alien1.png */,
				C622781F21E4043A0060D30F /* alien2.png */,
				C622781E21E4043A0060D30F /* alien3.png */,
				C622782021E4043A0060D30F /* alien4.png */,
				C622782121E4043B0060D30F /* alien5.png */,
				C622777921E3C54F0060D30F /* gamemusic.mp3 */,
				C622774521E3AB930060D30F /* sky1.png */,
				C622774021E3AB920060D30F /* sky2.png */,
				C622775521E3AB940060D30F /* sky3.png */,
				C622775721E3AB940060D30F /* sky4.png */,
				C622774621E3AB930060D30F /* sky5.png */,
				C622775321E3AB940060D30F /* sky6.png */,
				C622774421E3AB930060D30F /* sky7.png */,
				C622774721E3AB930060D30F /* sky8.png */,
				C622775221E3AB940060D30F /* sky9.png */,
				C622773F21E3AB920060D30F /* sky10.png */,
				C622774121E3AB930060D30F /* sky11.png */,
				C622774221E3AB930060D30F /* sky12.png */,
				C622775021E3AB940060D30F /* sky13.png */,
				C622774821E3AB930060D30F /* sky14.png */,
				C622775621E3AB940060D30F /* sky15.png */,
				C622774B21E3AB930060D30F /* sky16.png */,
				C622774C21E3AB930060D30F /* sky17.png */,
				C622774F21E3AB940060D30F /* sky18.png */,
				C622774321E3AB930060D30F /* sky19.png */,
				C622775421E3AB940060D30F /* sky20.png */,
				C622774A21E3AB930060D30F /* sky21.png */,
				C622774D21E3AB930060D30F /* sky22.png */,
				C622775121E3AB940060D30F /* sky23.png */,
				C622774921E3AB930060D30F /* sky24.png */,
				C622774E21E3AB940060D30F /* sky25.png */,
				C6B6253321ADC744003DC6CA /* cloud.png */,
				C6B6254221ADC744003DC6CA /* cloud2.png */,
				C6B6254E21ADC745003DC6CA /* coin.png */,
				C62277CC21E3F3FD0060D30F /* jet1.png */,
				C62277C221E3F3FC0060D30F /* jet2.png */,
				C62277CB21E3F3FD0060D30F /* jet3.png */,
				C62277C421E3F3FC0060D30F /* jet4.png */,
				C62277CA21E3F3FD0060D30F /* jet5.png */,
				C62277CF21E3F3FD0060D30F /* jet6.png */,
				C62277CE21E3F3FD0060D30F /* jet7.png */,
				C62277C621E3F3FC0060D30F /* jet8.png */,
				C62277C321E3F3FC0060D30F /* jet9.png */,
				C62277C521E3F3FC0060D30F /* jet10.png */,
				C62277C921E3F3FC0060D30F /* jet11.png */,
				C62277BF21E3F3FB0060D30F /* jet12.png */,
				C62277C721E3F3FC0060D30F /* jet13.png */,
				C62277CD21E3F3FD0060D30F /* jet14.png */,
				C62277C821E3F3FC0060D30F /* jet15.png */,
				C62277C021E3F3FB0060D30F /* jet16.png */,
				C62277C121E3F3FC0060D30F /* jet17.png */,
				C6B6256421ADC746003DC6CA /* replay.png */,
				C60DE63021AC27240084133C /* AppDelegate.swift */,
				C60DE63221AC27240084133C /* ViewController.swift */,
				C60DE63421AC27240084133C /* Main.storyboard */,
				C6A8661221AC43CC009B3CD0 /* planedrag.swift */,
				C60DE63721AC27250084133C /* Assets.xcassets */,
				C60DE63921AC27250084133C /* LaunchScreen.storyboard */,
				C60DE63C21AC27250084133C /* Info.plist */,
				C622777721E3C4420060D30F /* MusicHelper.swift */,
			);
			path = MobileApp;
			sourceTree = "<group>";
		};
		C60DE64421AC27250084133C /* MobileAppTests */ = {
			isa = PBXGroup;
			children = (
				C60DE64521AC27250084133C /* MobileAppTests.swift */,
				C60DE64721AC27250084133C /* Info.plist */,
			);
			path = MobileAppTests;
			sourceTree = "<group>";
		};
		C60DE64F21AC27250084133C /* MobileAppUITests */ = {
			isa = PBXGroup;
			children = (
				C60DE65021AC27250084133C /* MobileAppUITests.swift */,
				C60DE65221AC27250084133C /* Info.plist */,
			);
			path = MobileAppUITests;
			sourceTree = "<group>";
		};
/* End PBXGroup section */

/* Begin PBXNativeTarget section */
		C60DE62C21AC27240084133C /* MobileApp */ = {
			isa = PBXNativeTarget;
			buildConfigurationList = C60DE65521AC27250084133C /* Build configuration list for PBXNativeTarget "MobileApp" */;
			buildPhases = (
				C60DE62921AC27240084133C /* Sources */,
				C60DE62A21AC27240084133C /* Frameworks */,
				C60DE62B21AC27240084133C /* Resources */,
			);
			buildRules = (
			);
			dependencies = (
			);
			name = MobileApp;
			productName = MobileApp;
			productReference = C60DE62D21AC27240084133C /* MobileApp.app */;
			productType = "com.apple.product-type.application";
		};
		C60DE64021AC27250084133C /* MobileAppTests */ = {
			isa = PBXNativeTarget;
			buildConfigurationList = C60DE65821AC27250084133C /* Build configuration list for PBXNativeTarget "MobileAppTests" */;
			buildPhases = (
				C60DE63D21AC27250084133C /* Sources */,
				C60DE63E21AC27250084133C /* Frameworks */,
				C60DE63F21AC27250084133C /* Resources */,
			);
			buildRules = (
			);
			dependencies = (
				C60DE64321AC27250084133C /* PBXTargetDependency */,
			);
			name = MobileAppTests;
			productName = MobileAppTests;
			productReference = C60DE64121AC27250084133C /* MobileAppTests.xctest */;
			productType = "com.apple.product-type.bundle.unit-test";
		};
		C60DE64B21AC27250084133C /* MobileAppUITests */ = {
			isa = PBXNativeTarget;
			buildConfigurationList = C60DE65B21AC27250084133C /* Build configuration list for PBXNativeTarget "MobileAppUITests" */;
			buildPhases = (
				C60DE64821AC27250084133C /* Sources */,
				C60DE64921AC27250084133C /* Frameworks */,
				C60DE64A21AC27250084133C /* Resources */,
			);
			buildRules = (
			);
			dependencies = (
				C60DE64E21AC27250084133C /* PBXTargetDependency */,
			);
			name = MobileAppUITests;
			productName = MobileAppUITests;
			productReference = C60DE64C21AC27250084133C /* MobileAppUITests.xctest */;
			productType = "com.apple.product-type.bundle.ui-testing";
		};
/* End PBXNativeTarget section */

/* Begin PBXProject section */
		C60DE62521AC27240084133C /* Project object */ = {
			isa = PBXProject;
			attributes = {
				LastSwiftUpdateCheck = 1010;
				LastUpgradeCheck = 1010;
				ORGANIZATIONNAME = "Julius Mapag";
				TargetAttributes = {
					C60DE62C21AC27240084133C = {
						CreatedOnToolsVersion = 10.1;
					};
					C60DE64021AC27250084133C = {
						CreatedOnToolsVersion = 10.1;
						TestTargetID = C60DE62C21AC27240084133C;
					};
					C60DE64B21AC27250084133C = {
						CreatedOnToolsVersion = 10.1;
						TestTargetID = C60DE62C21AC27240084133C;
					};
				};
			};
			buildConfigurationList = C60DE62821AC27240084133C /* Build configuration list for PBXProject "MobileApp" */;
			compatibilityVersion = "Xcode 9.3";
			developmentRegion = en;
			hasScannedForEncodings = 0;
			knownRegions = (
				en,
				Base,
			);
			mainGroup = C60DE62421AC27240084133C;
			productRefGroup = C60DE62E21AC27240084133C /* Products */;
			projectDirPath = "";
			projectRoot = "";
			targets = (
				C60DE62C21AC27240084133C /* MobileApp */,
				C60DE64021AC27250084133C /* MobileAppTests */,
				C60DE64B21AC27250084133C /* MobileAppUITests */,
			);
		};
/* End PBXProject section */

/* Begin PBXResourcesBuildPhase section */
		C60DE62B21AC27240084133C /* Resources */ = {
			isa = PBXResourcesBuildPhase;
			buildActionMask = 2147483647;
			files = (
				C6B6257721ADC747003DC6CA /* cloud.png in Resources */,
				C622782221E4043B0060D30F /* alien1.png in Resources */,
				C62277D221E3F3FD0060D30F /* jet17.png in Resources */,
				C622782321E4043B0060D30F /* alien3.png in Resources */,
				C622776D21E3AB940060D30F /* sky20.png in Resources */,
				C622776821E3AB940060D30F /* sky18.png in Resources */,
				C622776521E3AB940060D30F /* sky17.png in Resources */,
				C62277D321E3F3FD0060D30F /* jet2.png in Resources */,
				C60DE63B21AC27250084133C /* LaunchScreen.storyboard in Resources */,
				C62277DC21E3F3FD0060D30F /* jet3.png in Resources */,
				C622775F21E3AB940060D30F /* sky5.png in Resources */,
				C622782521E4043B0060D30F /* alien4.png in Resources */,
				C62277D021E3F3FD0060D30F /* jet12.png in Resources */,
				C622776C21E3AB940060D30F /* sky6.png in Resources */,
				C62277D621E3F3FD0060D30F /* jet10.png in Resources */,
				C622775921E3AB940060D30F /* sky2.png in Resources */,
				C622775E21E3AB940060D30F /* sky1.png in Resources */,
				C6B625A821ADC747003DC6CA /* replay.png in Resources */,
				C62277DF21E3F3FD0060D30F /* jet7.png in Resources */,
				C622776E21E3AB940060D30F /* sky3.png in Resources */,
				C62277D121E3F3FD0060D30F /* jet16.png in Resources */,
				C622782421E4043B0060D30F /* alien2.png in Resources */,
				C62277DD21E3F3FD0060D30F /* jet1.png in Resources */,
				C62277DE21E3F3FD0060D30F /* jet14.png in Resources */,
				C622775A21E3AB940060D30F /* sky11.png in Resources */,
				C622776121E3AB940060D30F /* sky14.png in Resources */,
				C62277D821E3F3FD0060D30F /* jet13.png in Resources */,
				C622776421E3AB940060D30F /* sky16.png in Resources */,
				C622775B21E3AB940060D30F /* sky12.png in Resources */,
				C62277D521E3F3FD0060D30F /* jet4.png in Resources */,
				C622776021E3AB940060D30F /* sky8.png in Resources */,
				C622777A21E3C54F0060D30F /* gamemusic.mp3 in Resources */,
				C622775C21E3AB940060D30F /* sky19.png in Resources */,
				C622777021E3AB940060D30F /* sky4.png in Resources */,
				C62277D721E3F3FD0060D30F /* jet8.png in Resources */,
				C622782621E4043B0060D30F /* alien5.png in Resources */,
				C622776721E3AB940060D30F /* sky25.png in Resources */,
				C622775821E3AB940060D30F /* sky10.png in Resources */,
				C622776321E3AB940060D30F /* sky21.png in Resources */,
				C62277D921E3F3FD0060D30F /* jet15.png in Resources */,
				C622775D21E3AB940060D30F /* sky7.png in Resources */,
				C62277DA21E3F3FD0060D30F /* jet11.png in Resources */,
				C6B6259221ADC747003DC6CA /* coin.png in Resources */,
				C622776921E3AB940060D30F /* sky13.png in Resources */,
				C6B6258621ADC747003DC6CA /* cloud2.png in Resources */,
				C622776F21E3AB940060D30F /* sky15.png in Resources */,
				C622776221E3AB940060D30F /* sky24.png in Resources */,
				C62277DB21E3F3FD0060D30F /* jet5.png in Resources */,
				C622776B21E3AB940060D30F /* sky9.png in Resources */,
				C62277D421E3F3FD0060D30F /* jet9.png in Resources */,
				C62277E021E3F3FD0060D30F /* jet6.png in Resources */,
				C622776A21E3AB940060D30F /* sky23.png in Resources */,
				C60DE63821AC27250084133C /* Assets.xcassets in Resources */,
				C60DE63621AC27240084133C /* Main.storyboard in Resources */,
				C622776621E3AB940060D30F /* sky22.png in Resources */,
			);
			runOnlyForDeploymentPostprocessing = 0;
		};
		C60DE63F21AC27250084133C /* Resources */ = {
			isa = PBXResourcesBuildPhase;
			buildActionMask = 2147483647;
			files = (
			);
			runOnlyForDeploymentPostprocessing = 0;
		};
		C60DE64A21AC27250084133C /* Resources */ = {
			isa = PBXResourcesBuildPhase;
			buildActionMask = 2147483647;
			files = (
			);
			runOnlyForDeploymentPostprocessing = 0;
		};
/* End PBXResourcesBuildPhase section */

/* Begin PBXSourcesBuildPhase section */
		C60DE62921AC27240084133C /* Sources */ = {
			isa = PBXSourcesBuildPhase;
			buildActionMask = 2147483647;
			files = (
				C60DE63321AC27240084133C /* ViewController.swift in Sources */,
				C622777821E3C4420060D30F /* MusicHelper.swift in Sources */,
				C60DE63121AC27240084133C /* AppDelegate.swift in Sources */,
				C6A8661321AC43CC009B3CD0 /* planedrag.swift in Sources */,
			);
			runOnlyForDeploymentPostprocessing = 0;
		};
		C60DE63D21AC27250084133C /* Sources */ = {
			isa = PBXSourcesBuildPhase;
			buildActionMask = 2147483647;
			files = (
				C60DE64621AC27250084133C /* MobileAppTests.swift in Sources */,
			);
			runOnlyForDeploymentPostprocessing = 0;
		};
		C60DE64821AC27250084133C /* Sources */ = {
			isa = PBXSourcesBuildPhase;
			buildActionMask = 2147483647;
			files = (
				C60DE65121AC27250084133C /* MobileAppUITests.swift in Sources */,
			);
			runOnlyForDeploymentPostprocessing = 0;
		};
/* End PBXSourcesBuildPhase section */

/* Begin PBXTargetDependency section */
		C60DE64321AC27250084133C /* PBXTargetDependency */ = {
			isa = PBXTargetDependency;
			target = C60DE62C21AC27240084133C /* MobileApp */;
			targetProxy = C60DE64221AC27250084133C /* PBXContainerItemProxy */;
		};
		C60DE64E21AC27250084133C /* PBXTargetDependency */ = {
			isa = PBXTargetDependency;
			target = C60DE62C21AC27240084133C /* MobileApp */;
			targetProxy = C60DE64D21AC27250084133C /* PBXContainerItemProxy */;
		};
/* End PBXTargetDependency section */

/* Begin PBXVariantGroup section */
		C60DE63421AC27240084133C /* Main.storyboard */ = {
			isa = PBXVariantGroup;
			children = (
				C60DE63521AC27240084133C /* Base */,
			);
			name = Main.storyboard;
			sourceTree = "<group>";
		};
		C60DE63921AC27250084133C /* LaunchScreen.storyboard */ = {
			isa = PBXVariantGroup;
			children = (
				C60DE63A21AC27250084133C /* Base */,
			);
			name = LaunchScreen.storyboard;
			sourceTree = "<group>";
		};
/* End PBXVariantGroup section */

/* Begin XCBuildConfiguration section */
		C60DE65321AC27250084133C /* Debug */ = {
			isa = XCBuildConfiguration;
			buildSettings = {
				ALWAYS_SEARCH_USER_PATHS = NO;
				CLANG_ANALYZER_NONNULL = YES;
				CLANG_ANALYZER_NUMBER_OBJECT_CONVERSION = YES_AGGRESSIVE;
				CLANG_CXX_LANGUAGE_STANDARD = "gnu++14";
				CLANG_CXX_LIBRARY = "libc++";
				CLANG_ENABLE_MODULES = YES;
				CLANG_ENABLE_OBJC_ARC = YES;
				CLANG_ENABLE_OBJC_WEAK = YES;
				CLANG_WARN_BLOCK_CAPTURE_AUTORELEASING = YES;
				CLANG_WARN_BOOL_CONVERSION = YES;
				CLANG_WARN_COMMA = YES;
				CLANG_WARN_CONSTANT_CONVERSION = YES;
				CLANG_WARN_DEPRECATED_OBJC_IMPLEMENTATIONS = YES;
				CLANG_WARN_DIRECT_OBJC_ISA_USAGE = YES_ERROR;
				CLANG_WARN_DOCUMENTATION_COMMENTS = YES;
				CLANG_WARN_EMPTY_BODY = YES;
				CLANG_WARN_ENUM_CONVERSION = YES;
				CLANG_WARN_INFINITE_RECURSION = YES;
				CLANG_WARN_INT_CONVERSION = YES;
				CLANG_WARN_NON_LITERAL_NULL_CONVERSION = YES;
				CLANG_WARN_OBJC_IMPLICIT_RETAIN_SELF = YES;
				CLANG_WARN_OBJC_LITERAL_CONVERSION = YES;
				CLANG_WARN_OBJC_ROOT_CLASS = YES_ERROR;
				CLANG_WARN_RANGE_LOOP_ANALYSIS = YES;
				CLANG_WARN_STRICT_PROTOTYPES = YES;
				CLANG_WARN_SUSPICIOUS_MOVE = YES;
				CLANG_WARN_UNGUARDED_AVAILABILITY = YES_AGGRESSIVE;
				CLANG_WARN_UNREACHABLE_CODE = YES;
				CLANG_WARN__DUPLICATE_METHOD_MATCH = YES;
				CODE_SIGN_IDENTITY = "iPhone Developer";
				COPY_PHASE_STRIP = NO;
				DEBUG_INFORMATION_FORMAT = dwarf;
				ENABLE_STRICT_OBJC_MSGSEND = YES;
				ENABLE_TESTABILITY = YES;
				GCC_C_LANGUAGE_STANDARD = gnu11;
				GCC_DYNAMIC_NO_PIC = NO;
				GCC_NO_COMMON_BLOCKS = YES;
				GCC_OPTIMIZATION_LEVEL = 0;
				GCC_PREPROCESSOR_DEFINITIONS = (
					"DEBUG=1",
					"$(inherited)",
				);
				GCC_WARN_64_TO_32_BIT_CONVERSION = YES;
				GCC_WARN_ABOUT_RETURN_TYPE = YES_ERROR;
				GCC_WARN_UNDECLARED_SELECTOR = YES;
				GCC_WARN_UNINITIALIZED_AUTOS = YES_AGGRESSIVE;
				GCC_WARN_UNUSED_FUNCTION = YES;
				GCC_WARN_UNUSED_VARIABLE = YES;
				IPHONEOS_DEPLOYMENT_TARGET = 12.1;
				MTL_ENABLE_DEBUG_INFO = INCLUDE_SOURCE;
				MTL_FAST_MATH = YES;
				ONLY_ACTIVE_ARCH = YES;
				SDKROOT = iphoneos;
				SWIFT_ACTIVE_COMPILATION_CONDITIONS = DEBUG;
				SWIFT_OPTIMIZATION_LEVEL = "-Onone";
			};
			name = Debug;
		};
		C60DE65421AC27250084133C /* Release */ = {
			isa = XCBuildConfiguration;
			buildSettings = {
				ALWAYS_SEARCH_USER_PATHS = NO;
				CLANG_ANALYZER_NONNULL = YES;
				CLANG_ANALYZER_NUMBER_OBJECT_CONVERSION = YES_AGGRESSIVE;
				CLANG_CXX_LANGUAGE_STANDARD = "gnu++14";
				CLANG_CXX_LIBRARY = "libc++";
				CLANG_ENABLE_MODULES = YES;
				CLANG_ENABLE_OBJC_ARC = YES;
				CLANG_ENABLE_OBJC_WEAK = YES;
				CLANG_WARN_BLOCK_CAPTURE_AUTORELEASING = YES;
				CLANG_WARN_BOOL_CONVERSION = YES;
				CLANG_WARN_COMMA = YES;
				CLANG_WARN_CONSTANT_CONVERSION = YES;
				CLANG_WARN_DEPRECATED_OBJC_IMPLEMENTATIONS = YES;
				CLANG_WARN_DIRECT_OBJC_ISA_USAGE = YES_ERROR;
				CLANG_WARN_DOCUMENTATION_COMMENTS = YES;
				CLANG_WARN_EMPTY_BODY = YES;
				CLANG_WARN_ENUM_CONVERSION = YES;
				CLANG_WARN_INFINITE_RECURSION = YES;
				CLANG_WARN_INT_CONVERSION = YES;
				CLANG_WARN_NON_LITERAL_NULL_CONVERSION = YES;
				CLANG_WARN_OBJC_IMPLICIT_RETAIN_SELF = YES;
				CLANG_WARN_OBJC_LITERAL_CONVERSION = YES;
				CLANG_WARN_OBJC_ROOT_CLASS = YES_ERROR;
				CLANG_WARN_RANGE_LOOP_ANALYSIS = YES;
				CLANG_WARN_STRICT_PROTOTYPES = YES;
				CLANG_WARN_SUSPICIOUS_MOVE = YES;
				CLANG_WARN_UNGUARDED_AVAILABILITY = YES_AGGRESSIVE;
				CLANG_WARN_UNREACHABLE_CODE = YES;
				CLANG_WARN__DUPLICATE_METHOD_MATCH = YES;
				CODE_SIGN_IDENTITY = "iPhone Developer";
				COPY_PHASE_STRIP = NO;
				DEBUG_INFORMATION_FORMAT = "dwarf-with-dsym";
				ENABLE_NS_ASSERTIONS = NO;
				ENABLE_STRICT_OBJC_MSGSEND = YES;
				GCC_C_LANGUAGE_STANDARD = gnu11;
				GCC_NO_COMMON_BLOCKS = YES;
				GCC_WARN_64_TO_32_BIT_CONVERSION = YES;
				GCC_WARN_ABOUT_RETURN_TYPE = YES_ERROR;
				GCC_WARN_UNDECLARED_SELECTOR = YES;
				GCC_WARN_UNINITIALIZED_AUTOS = YES_AGGRESSIVE;
				GCC_WARN_UNUSED_FUNCTION = YES;
				GCC_WARN_UNUSED_VARIABLE = YES;
				IPHONEOS_DEPLOYMENT_TARGET = 12.1;
				MTL_ENABLE_DEBUG_INFO = NO;
				MTL_FAST_MATH = YES;
				SDKROOT = iphoneos;
				SWIFT_COMPILATION_MODE = wholemodule;
				SWIFT_OPTIMIZATION_LEVEL = "-O";
				VALIDATE_PRODUCT = YES;
			};
			name = Release;
		};
		C60DE65621AC27250084133C /* Debug */ = {
			isa = XCBuildConfiguration;
			buildSettings = {
				ASSETCATALOG_COMPILER_APPICON_NAME = AppIcon;
				CODE_SIGN_STYLE = Automatic;
				INFOPLIST_FILE = MobileApp/Info.plist;
				LD_RUNPATH_SEARCH_PATHS = (
					"$(inherited)",
					"@executable_path/Frameworks",
				);
				PRODUCT_BUNDLE_IDENTIFIER = BarradeStudio.MobileApp;
				PRODUCT_NAME = "$(TARGET_NAME)";
				SWIFT_VERSION = 4.2;
				TARGETED_DEVICE_FAMILY = "1,2";
			};
			name = Debug;
		};
		C60DE65721AC27250084133C /* Release */ = {
			isa = XCBuildConfiguration;
			buildSettings = {
				ASSETCATALOG_COMPILER_APPICON_NAME = AppIcon;
				CODE_SIGN_STYLE = Automatic;
				INFOPLIST_FILE = MobileApp/Info.plist;
				LD_RUNPATH_SEARCH_PATHS = (
					"$(inherited)",
					"@executable_path/Frameworks",
				);
				PRODUCT_BUNDLE_IDENTIFIER = BarradeStudio.MobileApp;
				PRODUCT_NAME = "$(TARGET_NAME)";
				SWIFT_VERSION = 4.2;
				TARGETED_DEVICE_FAMILY = "1,2";
			};
			name = Release;
		};
		C60DE65921AC27250084133C /* Debug */ = {
			isa = XCBuildConfiguration;
			buildSettings = {
				ALWAYS_EMBED_SWIFT_STANDARD_LIBRARIES = YES;
				BUNDLE_LOADER = "$(TEST_HOST)";
				CODE_SIGN_STYLE = Automatic;
				INFOPLIST_FILE = MobileAppTests/Info.plist;
				LD_RUNPATH_SEARCH_PATHS = (
					"$(inherited)",
					"@executable_path/Frameworks",
					"@loader_path/Frameworks",
				);
				PRODUCT_BUNDLE_IDENTIFIER = BarradeStudio.MobileAppTests;
				PRODUCT_NAME = "$(TARGET_NAME)";
				SWIFT_VERSION = 4.2;
				TARGETED_DEVICE_FAMILY = "1,2";
				TEST_HOST = "$(BUILT_PRODUCTS_DIR)/MobileApp.app/MobileApp";
			};
			name = Debug;
		};
		C60DE65A21AC27250084133C /* Release */ = {
			isa = XCBuildConfiguration;
			buildSettings = {
				ALWAYS_EMBED_SWIFT_STANDARD_LIBRARIES = YES;
				BUNDLE_LOADER = "$(TEST_HOST)";
				CODE_SIGN_STYLE = Automatic;
				INFOPLIST_FILE = MobileAppTests/Info.plist;
				LD_RUNPATH_SEARCH_PATHS = (
					"$(inherited)",
					"@executable_path/Frameworks",
					"@loader_path/Frameworks",
				);
				PRODUCT_BUNDLE_IDENTIFIER = BarradeStudio.MobileAppTests;
				PRODUCT_NAME = "$(TARGET_NAME)";
				SWIFT_VERSION = 4.2;
				TARGETED_DEVICE_FAMILY = "1,2";
				TEST_HOST = "$(BUILT_PRODUCTS_DIR)/MobileApp.app/MobileApp";
			};
			name = Release;
		};
		C60DE65C21AC27250084133C /* Debug */ = {
			isa = XCBuildConfiguration;
			buildSettings = {
				ALWAYS_EMBED_SWIFT_STANDARD_LIBRARIES = YES;
				CODE_SIGN_STYLE = Automatic;
				INFOPLIST_FILE = MobileAppUITests/Info.plist;
				LD_RUNPATH_SEARCH_PATHS = (
					"$(inherited)",
					"@executable_path/Frameworks",
					"@loader_path/Frameworks",
				);
				PRODUCT_BUNDLE_IDENTIFIER = BarradeStudio.MobileAppUITests;
				PRODUCT_NAME = "$(TARGET_NAME)";
				SWIFT_VERSION = 4.2;
				TARGETED_DEVICE_FAMILY = "1,2";
				TEST_TARGET_NAME = MobileApp;
			};
			name = Debug;
		};
		C60DE65D21AC27250084133C /* Release */ = {
			isa = XCBuildConfiguration;
			buildSettings = {
				ALWAYS_EMBED_SWIFT_STANDARD_LIBRARIES = YES;
				CODE_SIGN_STYLE = Automatic;
				INFOPLIST_FILE = MobileAppUITests/Info.plist;
				LD_RUNPATH_SEARCH_PATHS = (
					"$(inherited)",
					"@executable_path/Frameworks",
					"@loader_path/Frameworks",
				);
				PRODUCT_BUNDLE_IDENTIFIER = BarradeStudio.MobileAppUITests;
				PRODUCT_NAME = "$(TARGET_NAME)";
				SWIFT_VERSION = 4.2;
				TARGETED_DEVICE_FAMILY = "1,2";
				TEST_TARGET_NAME = MobileApp;
			};
			name = Release;
		};
/* End XCBuildConfiguration section */

/* Begin XCConfigurationList section */
		C60DE62821AC27240084133C /* Build configuration list for PBXProject "MobileApp" */ = {
			isa = XCConfigurationList;
			buildConfigurations = (
				C60DE65321AC27250084133C /* Debug */,
				C60DE65421AC27250084133C /* Release */,
			);
			defaultConfigurationIsVisible = 0;
			defaultConfigurationName = Release;
		};
		C60DE65521AC27250084133C /* Build configuration list for PBXNativeTarget "MobileApp" */ = {
			isa = XCConfigurationList;
			buildConfigurations = (
				C60DE65621AC27250084133C /* Debug */,
				C60DE65721AC27250084133C /* Release */,
			);
			defaultConfigurationIsVisible = 0;
			defaultConfigurationName = Release;
		};
		C60DE65821AC27250084133C /* Build configuration list for PBXNativeTarget "MobileAppTests" */ = {
			isa = XCConfigurationList;
			buildConfigurations = (
				C60DE65921AC27250084133C /* Debug */,
				C60DE65A21AC27250084133C /* Release */,
			);
			defaultConfigurationIsVisible = 0;
			defaultConfigurationName = Release;
		};
		C60DE65B21AC27250084133C /* Build configuration list for PBXNativeTarget "MobileAppUITests" */ = {
			isa = XCConfigurationList;
			buildConfigurations = (
				C60DE65C21AC27250084133C /* Debug */,
				C60DE65D21AC27250084133C /* Release */,
			);
			defaultConfigurationIsVisible = 0;
			defaultConfigurationName = Release;
		};
/* End XCConfigurationList section */
	};
	rootObject = C60DE62521AC27240084133C /* Project object */;
}
